
Microsoft Visual Studio Solution File, Format Version 12.00
# Visual Studio Version 16
VisualStudioVersion = 16.0.29911.84
MinimumVisualStudioVersion = 10.0.40219.1
Project("{FAE04EC0-301F-11D3-BF4B-00C04F79EFBC}") = "StateUStudentPortal", "StateUStudentPortal.csproj", "{B128F1C3-9B14-4F6D-9127-3AEAB17AEA05}"
EndProject
Global
	GlobalSection(SolutionConfigurationPlatforms) = preSolution
		Debug|Any CPU = Debug|Any CPU
		Release|Any CPU = Release|Any CPU
	EndGlobalSection
	GlobalSection(ProjectConfigurationPlatforms) = postSolution
		{B128F1C3-9B14-4F6D-9127-3AEAB17AEA05}.Debug|Any CPU.ActiveCfg = Debug|Any CPU
		{B128F1C3-9B14-4F6D-9127-3AEAB17AEA05}.Debug|Any CPU.Build.0 = Debug|Any CPU
		{B128F1C3-9B14-4F6D-9127-3AEAB17AEA05}.Release|Any CPU.ActiveCfg = Release|Any CPU
		{B128F1C3-9B14-4F6D-9127-3AEAB17AEA05}.Release|Any CPU.Build.0 = Release|Any CPU
	EndGlobalSection
	GlobalSection(SolutionProperties) = preSolution
		HideSolutionNode = FALSE
	EndGlobalSection
	GlobalSection(ExtensibilityGlobals) = postSolution
		SolutionGuid = {73947030-6760-4A5F-BE11-B4CE8CDCCC6E}
	EndGlobalSection
EndGlobal
